
Microsoft Visual Studio Solution File, Format Version 12.00
# Visual Studio Version 16
VisualStudioVersion = 16.0.31515.178
MinimumVisualStudioVersion = 10.0.40219.1
Project("{9A19103F-16F7-4668-BE54-9A1E7A4F7556}") = "Csharp8", "Csharp8\Csharp8.csproj", "{63167A59-EFD9-4E5F-96EB-B6FC42A3AA14}"
EndProject
Project("{FAE04EC0-301F-11D3-BF4B-00C04F79EFBC}") = "CSharp9", "CSharp9\CSharp9.csproj", "{34D5D54F-81D0-4CF9-A0D2-7489C40D8F8F}"
EndProject
Global
	GlobalSection(SolutionConfigurationPlatforms) = preSolution
		Debug|Any CPU = Debug|Any CPU
		Release|Any CPU = Release|Any CPU
	EndGlobalSection
	GlobalSection(ProjectConfigurationPlatforms) = postSolution
		{63167A59-EFD9-4E5F-96EB-B6FC42A3AA14}.Debug|Any CPU.ActiveCfg = Debug|Any CPU
		{63167A59-EFD9-4E5F-96EB-B6FC42A3AA14}.Debug|Any CPU.Build.0 = Debug|Any CPU
		{63167A59-EFD9-4E5F-96EB-B6FC42A3AA14}.Release|Any CPU.ActiveCfg = Release|Any CPU
		{63167A59-EFD9-4E5F-96EB-B6FC42A3AA14}.Release|Any CPU.Build.0 = Release|Any CPU
		{34D5D54F-81D0-4CF9-A0D2-7489C40D8F8F}.Debug|Any CPU.ActiveCfg = Debug|Any CPU
		{34D5D54F-81D0-4CF9-A0D2-7489C40D8F8F}.Debug|Any CPU.Build.0 = Debug|Any CPU
		{34D5D54F-81D0-4CF9-A0D2-7489C40D8F8F}.Release|Any CPU.ActiveCfg = Release|Any CPU
		{34D5D54F-81D0-4CF9-A0D2-7489C40D8F8F}.Release|Any CPU.Build.0 = Release|Any CPU
	EndGlobalSection
	GlobalSection(SolutionProperties) = preSolution
		HideSolutionNode = FALSE
	EndGlobalSection
	GlobalSection(ExtensibilityGlobals) = postSolution
		SolutionGuid = {35D03C56-DEFA-4D9C-B705-A9E8C8A3A44E}
	EndGlobalSection
EndGlobal
